{
  "name": "netlify-lambdas-test",
  "version": "1.0.0",
  "lockfileVersion": 2,
  "requires": true,
  "packages": {
    "": {
      "version": "1.0.0",
      "license": "MIT",
      "dependencies": {
        "node-fetch": "^3.2.4"
      }
    },
    "../../../../Users/Pere/AppData/Roaming/npm/node_modules/node-fetch": {
      "version": "3.2.4",
      "integrity": "sha512-WvYJRN7mMyOLurFR2YpysQGuwYrJN+qrrpHjJDuKMcSPdfFccRUla/kng2mz6HWSBxJcqPbvatS6Gb4RhOzCJw==",
      "dependencies": {
        "data-uri-to-buffer": "^4.0.0",
        "fetch-blob": "^3.1.4",
        "formdata-polyfill": "^4.0.10"
      },
      "devDependencies": {
        "abort-controller": "^3.0.0",
        "abortcontroller-polyfill": "^1.7.1",
        "busboy": "^1.4.0",
        "c8": "^7.7.2",
        "chai": "^4.3.4",
        "chai-as-promised": "^7.1.1",
        "chai-iterator": "^3.0.2",
        "chai-string": "^1.5.0",
        "coveralls": "^3.1.0",
        "form-data": "^4.0.0",
        "formdata-node": "^4.2.4",
        "mocha": "^9.1.3",
        "p-timeout": "^5.0.0",
        "stream-consumers": "^1.0.1",
        "tsd": "^0.14.0",
        "xo": "^0.39.1"
      },
      "engines": {
        "node": "^12.20.0 || ^14.13.1 || >=16.0.0"
      },
      "funding": {
        "type": "opencollective",
        "url": "https://opencollective.com/node-fetch"
      }
    },
    "../../../../Users/Pere/AppData/Roaming/npm/node_modules/node-fetch/node_modules/data-uri-to-buffer": {
      "version": "4.0.0",
      "integrity": "sha512-Vr3mLBA8qWmcuschSLAOogKgQ/Jwxulv3RNE4FXnYWRGujzrRWQI4m12fQqRkwX06C0KanhLr4hK+GydchZsaA==",
      "engines": {
        "node": ">= 12"
      }
    },
    "../../../../Users/Pere/AppData/Roaming/npm/node_modules/node-fetch/node_modules/fetch-blob": {
      "version": "3.1.5",
      "integrity": "sha512-N64ZpKqoLejlrwkIAnb9iLSA3Vx/kjgzpcDhygcqJ2KKjky8nCgUQ+dzXtbrLaWZGZNmNfQTsiQ0weZ1svglHg==",
      "funding": [
        {
          "type": "github",
          "url": "https://github.com/sponsors/jimmywarting"
        },
        {
          "type": "paypal",
          "url": "https://paypal.me/jimmywarting"
        }
      ],
      "dependencies": {
        "node-domexception": "^1.0.0",
        "web-streams-polyfill": "^3.0.3"
      },
      "engines": {
        "node": "^12.20 || >= 14.13"
      }
    },
    "../../../../Users/Pere/AppData/Roaming/npm/node_modules/node-fetch/node_modules/formdata-polyfill": {
      "version": "4.0.10",
      "integrity": "sha512-buewHzMvYL29jdeQTVILecSaZKnt/RJWjoZCF5OW60Z67/GmSLBkOFM7qh1PI3zFNtJbaZL5eQu1vLfazOwj4g==",
      "dependencies": {
        "fetch-blob": "^3.1.2"
      },
      "engines": {
        "node": ">=12.20.0"
      }
    },
    "../../../../Users/Pere/AppData/Roaming/npm/node_modules/node-fetch/node_modules/node-domexception": {
      "version": "1.0.0",
      "integrity": "sha512-/jKZoMpw0F8GRwl4/eLROPA3cfcXtLApP0QzLmUT/HuPCZWyB7IY9ZrMeKw2O/nFIqPQB3PVM9aYm0F312AXDQ==",
      "funding": [
        {
          "type": "github",
          "url": "https://github.com/sponsors/jimmywarting"
        },
        {
          "type": "github",
          "url": "https://paypal.me/jimmywarting"
        }
      ],
      "engines": {
        "node": ">=10.5.0"
      }
    },
    "../../../../Users/Pere/AppData/Roaming/npm/node_modules/node-fetch/node_modules/web-streams-polyfill": {
      "version": "3.2.1",
      "integrity": "sha512-e0MO3wdXWKrLbL0DgGnUV7WHVuw9OUvL4hjgnPkIeEvESk74gAITi5G606JtZPp39cd8HA9VQzCIvA49LpPN5Q==",
      "engines": {
        "node": ">= 8"
      }
    },
    "node_modules/node-fetch": {
      "resolved": "../../../../Users/Pere/AppData/Roaming/npm/node_modules/node-fetch",
      "link": true
    }
  },
  "dependencies": {
    "node-fetch": {
      "version": "file:../../../../Users/Pere/AppData/Roaming/npm/node_modules/node-fetch",
      "requires": {
        "abort-controller": "^3.0.0",
        "abortcontroller-polyfill": "^1.7.1",
        "busboy": "^1.4.0",
        "c8": "^7.7.2",
        "chai": "^4.3.4",
        "chai-as-promised": "^7.1.1",
        "chai-iterator": "^3.0.2",
        "chai-string": "^1.5.0",
        "coveralls": "^3.1.0",
        "data-uri-to-buffer": "^4.0.0",
        "fetch-blob": "^3.1.4",
        "form-data": "^4.0.0",
        "formdata-node": "^4.2.4",
        "formdata-polyfill": "^4.0.10",
        "mocha": "^9.1.3",
        "p-timeout": "^5.0.0",
        "stream-consumers": "^1.0.1",
        "tsd": "^0.14.0",
        "xo": "^0.39.1"
      },
      "dependencies": {
        "data-uri-to-buffer": {
          "version": "4.0.0"
        },
        "fetch-blob": {
          "version": "3.1.5",
          "requires": {
            "node-domexception": "^1.0.0",
            "web-streams-polyfill": "^3.0.3"
          }
        },
        "formdata-polyfill": {
          "version": "4.0.10",
          "requires": {
            "fetch-blob": "^3.1.2"
          }
        },
        "node-domexception": {
          "version": "1.0.0"
        },
        "web-streams-polyfill": {
          "version": "3.2.1"
        }
      }
    }
  }
}
